
Microsoft Visual Studio Solution File, Format Version 12.00
# Visual Studio 15
VisualStudioVersion = 15.0.26730.16
MinimumVisualStudioVersion = 10.0.40219.1
Project("{FAE04EC0-301F-11D3-BF4B-00C04F79EFBC}") = "PirateShop", "PirateShop\PirateShop.csproj", "{C8A845BC-AC9F-4576-A258-1A3EB5FBEC12}"
EndProject
Global
	GlobalSection(SolutionConfigurationPlatforms) = preSolution
		Debug|Any CPU = Debug|Any CPU
		Release|Any CPU = Release|Any CPU
	EndGlobalSection
	GlobalSection(ProjectConfigurationPlatforms) = postSolution
		{C8A845BC-AC9F-4576-A258-1A3EB5FBEC12}.Debug|Any CPU.ActiveCfg = Debug|Any CPU
		{C8A845BC-AC9F-4576-A258-1A3EB5FBEC12}.Debug|Any CPU.Build.0 = Debug|Any CPU
		{C8A845BC-AC9F-4576-A258-1A3EB5FBEC12}.Release|Any CPU.ActiveCfg = Release|Any CPU
		{C8A845BC-AC9F-4576-A258-1A3EB5FBEC12}.Release|Any CPU.Build.0 = Release|Any CPU
	EndGlobalSection
	GlobalSection(SolutionProperties) = preSolution
		HideSolutionNode = FALSE
	EndGlobalSection
	GlobalSection(ExtensibilityGlobals) = postSolution
		SolutionGuid = {B1F04D13-5D17-4F6A-9215-0134E26840C2}
	EndGlobalSection
EndGlobal
